
Microsoft Visual Studio Solution File, Format Version 12.00
# Visual Studio Version 17
VisualStudioVersion = 17.13.35825.156
MinimumVisualStudioVersion = 10.0.40219.1
Project("{FAE04EC0-301F-11D3-BF4B-00C04F79EFBC}") = "reactBacked", "reactBacked\reactBacked.csproj", "{269AE3C8-2D41-4F08-B5D2-A59DD31D3DEA}"
EndProject
Project("{FAE04EC0-301F-11D3-BF4B-00C04F79EFBC}") = "Temporal", "..\Temporal\Temporal.csproj", "{0DFCBAE1-1D35-43D7-94A4-B852C333E123}"
EndProject
Global
	GlobalSection(SolutionConfigurationPlatforms) = preSolution
		Debug|Any CPU = Debug|Any CPU
		Release|Any CPU = Release|Any CPU
	EndGlobalSection
	GlobalSection(ProjectConfigurationPlatforms) = postSolution
		{269AE3C8-2D41-4F08-B5D2-A59DD31D3DEA}.Debug|Any CPU.ActiveCfg = Debug|Any CPU
		{269AE3C8-2D41-4F08-B5D2-A59DD31D3DEA}.Debug|Any CPU.Build.0 = Debug|Any CPU
		{269AE3C8-2D41-4F08-B5D2-A59DD31D3DEA}.Release|Any CPU.ActiveCfg = Release|Any CPU
		{269AE3C8-2D41-4F08-B5D2-A59DD31D3DEA}.Release|Any CPU.Build.0 = Release|Any CPU
		{0DFCBAE1-1D35-43D7-94A4-B852C333E123}.Debug|Any CPU.ActiveCfg = Debug|Any CPU
		{0DFCBAE1-1D35-43D7-94A4-B852C333E123}.Debug|Any CPU.Build.0 = Debug|Any CPU
		{0DFCBAE1-1D35-43D7-94A4-B852C333E123}.Release|Any CPU.ActiveCfg = Release|Any CPU
		{0DFCBAE1-1D35-43D7-94A4-B852C333E123}.Release|Any CPU.Build.0 = Release|Any CPU
	EndGlobalSection
	GlobalSection(SolutionProperties) = preSolution
		HideSolutionNode = FALSE
	EndGlobalSection
	GlobalSection(ExtensibilityGlobals) = postSolution
		SolutionGuid = {3C3CCD0F-39C6-44CC-A7A3-5C3512ADFBD0}
	EndGlobalSection
EndGlobal
